Microsoft Visual Studio Solution File, Format Version 11.00
# Visual Studio 2008

Project("{AF17BC3B-4A86-A96A-0F05-3A7E5F7C18BA}") = "fly", "Assembly-CSharp-firstpass.csproj", "{D5ADCFFD-7FB8-255F-F175-2BCFC07EB06A}"
EndProject
Project("{AF17BC3B-4A86-A96A-0F05-3A7E5F7C18BA}") = "fly", "Assembly-CSharp.csproj", "{E431E436-2B27-BC67-F026-1695C726ECE6}"
EndProject
Project("{AF17BC3B-4A86-A96A-0F05-3A7E5F7C18BA}") = "fly", "Assembly-CSharp-Editor.csproj", "{575CCA13-3297-C74B-EBA8-5BA82939BFA9}"
EndProject
Project("{AF17BC3B-4A86-A96A-0F05-3A7E5F7C18BA}") = "fly", "Assembly-UnityScript-firstpass.unityproj", "{5014AF88-C8FC-D201-7DFF-66A1D6FA4248}"
EndProject
Project("{AF17BC3B-4A86-A96A-0F05-3A7E5F7C18BA}") = "fly", "Assembly-UnityScript.unityproj", "{3634E112-88E0-57EC-25FC-B35BC6816E3C}"
EndProject
Global
	GlobalSection(SolutionConfigurationPlatforms) = preSolution
		Debug|Any CPU = Debug|Any CPU
		Release|Any CPU = Release|Any CPU
	EndGlobalSection
	GlobalSection(ProjectConfigurationPlatforms) = postSolution
		{D5ADCFFD-7FB8-255F-F175-2BCFC07EB06A}.Debug|Any CPU.ActiveCfg = Debug|Any CPU
		{D5ADCFFD-7FB8-255F-F175-2BCFC07EB06A}.Debug|Any CPU.Build.0 = Debug|Any CPU
		{D5ADCFFD-7FB8-255F-F175-2BCFC07EB06A}.Release|Any CPU.ActiveCfg = Release|Any CPU
		{D5ADCFFD-7FB8-255F-F175-2BCFC07EB06A}.Release|Any CPU.Build.0 = Release|Any CPU
		{E431E436-2B27-BC67-F026-1695C726ECE6}.Debug|Any CPU.ActiveCfg = Debug|Any CPU
		{E431E436-2B27-BC67-F026-1695C726ECE6}.Debug|Any CPU.Build.0 = Debug|Any CPU
		{E431E436-2B27-BC67-F026-1695C726ECE6}.Release|Any CPU.ActiveCfg = Release|Any CPU
		{E431E436-2B27-BC67-F026-1695C726ECE6}.Release|Any CPU.Build.0 = Release|Any CPU
		{575CCA13-3297-C74B-EBA8-5BA82939BFA9}.Debug|Any CPU.ActiveCfg = Debug|Any CPU
		{575CCA13-3297-C74B-EBA8-5BA82939BFA9}.Debug|Any CPU.Build.0 = Debug|Any CPU
		{575CCA13-3297-C74B-EBA8-5BA82939BFA9}.Release|Any CPU.ActiveCfg = Release|Any CPU
		{575CCA13-3297-C74B-EBA8-5BA82939BFA9}.Release|Any CPU.Build.0 = Release|Any CPU
		{5014AF88-C8FC-D201-7DFF-66A1D6FA4248}.Debug|Any CPU.ActiveCfg = Debug|Any CPU
		{5014AF88-C8FC-D201-7DFF-66A1D6FA4248}.Debug|Any CPU.Build.0 = Debug|Any CPU
		{5014AF88-C8FC-D201-7DFF-66A1D6FA4248}.Release|Any CPU.ActiveCfg = Release|Any CPU
		{5014AF88-C8FC-D201-7DFF-66A1D6FA4248}.Release|Any CPU.Build.0 = Release|Any CPU
		{3634E112-88E0-57EC-25FC-B35BC6816E3C}.Debug|Any CPU.ActiveCfg = Debug|Any CPU
		{3634E112-88E0-57EC-25FC-B35BC6816E3C}.Debug|Any CPU.Build.0 = Debug|Any CPU
		{3634E112-88E0-57EC-25FC-B35BC6816E3C}.Release|Any CPU.ActiveCfg = Release|Any CPU
		{3634E112-88E0-57EC-25FC-B35BC6816E3C}.Release|Any CPU.Build.0 = Release|Any CPU
	EndGlobalSection
	GlobalSection(SolutionProperties) = preSolution
		HideSolutionNode = FALSE
	EndGlobalSection
																																																								GlobalSection(MonoDevelopProperties) = preSolution
		StartupItem = Assembly-CSharp.csproj
		Policies = $0
		$0.TextStylePolicy = $1
		$1.inheritsSet = null
		$1.scope = text/x-csharp
		$0.CSharpFormattingPolicy = $2
		$2.inheritsSet = Mono
		$2.inheritsScope = text/x-csharp
		$2.scope = text/x-csharp
		$0.TextStylePolicy = $3
		$3.FileWidth = 120
		$3.TabWidth = 4
		$3.EolMarker = Unix
		$3.inheritsSet = Mono
		$3.inheritsScope = text/plain
		$3.scope = text/plain
	EndGlobalSection

EndGlobal
